PODS:
  - DACircularProgress (2.3.1)
  - FLAnimatedImage (1.0.12)
  - pop (1.0.10)
  - SDWebImage (4.1.0):
    - SDWebImage/Core (= 4.1.0)
  - SDWebImage/Core (4.1.0)
  - SDWebImage/GIF (4.1.0):
    - FLAnimatedImage (~> 1.0)
    - SDWebImage/Core

DEPENDENCIES:
  - DACircularProgress
  - pop
  - SDWebImage
  - SDWebImage/GIF

SPEC CHECKSUMS:
  DACircularProgress: 4dd437c0fc3da5161cb289e07ac449493d41db71
  FLAnimatedImage: 4a0b56255d9b05f18b6dd7ee06871be5d3b89e31
  pop: 82ca6b068ce9278fd350fd9dd09482a0ce9492e6
  SDWebImage: 0e435c14e402a6730315a0fb79f95e68654d55a4

PODFILE CHECKSUM: 17f81955700f8034d8e3a5b401a5b5b5702cb827

COCOAPODS: 1.2.1
